
Microsoft Visual Studio Solution File, Format Version 12.00
# Visual Studio 15
VisualStudioVersion = 15.0.28010.2046
MinimumVisualStudioVersion = 10.0.40219.1
Project("{FAE04EC0-301F-11D3-BF4B-00C04F79EFBC}") = "Db", "Db\Db.csproj", "{8296826F-32D8-43F0-9704-5FE49AD18B45}"
EndProject
Project("{FAE04EC0-301F-11D3-BF4B-00C04F79EFBC}") = "UnitTests", "UnitTests\UnitTests.csproj", "{2315B9AB-55B2-467C-9833-D4FA6D2071FE}"
EndProject
Global
	GlobalSection(SolutionConfigurationPlatforms) = preSolution
		Debug|Any CPU = Debug|Any CPU
		Release|Any CPU = Release|Any CPU
	EndGlobalSection
	GlobalSection(ProjectConfigurationPlatforms) = postSolution
		{8296826F-32D8-43F0-9704-5FE49AD18B45}.Debug|Any CPU.ActiveCfg = Debug|Any CPU
		{8296826F-32D8-43F0-9704-5FE49AD18B45}.Debug|Any CPU.Build.0 = Debug|Any CPU
		{8296826F-32D8-43F0-9704-5FE49AD18B45}.Release|Any CPU.ActiveCfg = Release|Any CPU
		{8296826F-32D8-43F0-9704-5FE49AD18B45}.Release|Any CPU.Build.0 = Release|Any CPU
		{2315B9AB-55B2-467C-9833-D4FA6D2071FE}.Debug|Any CPU.ActiveCfg = Debug|Any CPU
		{2315B9AB-55B2-467C-9833-D4FA6D2071FE}.Debug|Any CPU.Build.0 = Debug|Any CPU
		{2315B9AB-55B2-467C-9833-D4FA6D2071FE}.Release|Any CPU.ActiveCfg = Release|Any CPU
		{2315B9AB-55B2-467C-9833-D4FA6D2071FE}.Release|Any CPU.Build.0 = Release|Any CPU
	EndGlobalSection
	GlobalSection(SolutionProperties) = preSolution
		HideSolutionNode = FALSE
	EndGlobalSection
	GlobalSection(ExtensibilityGlobals) = postSolution
		SolutionGuid = {32FEBAE9-9EF5-4A93-9004-DC2AD9C7D53E}
	EndGlobalSection
EndGlobal
